
Microsoft Visual Studio Solution File, Format Version 12.00
# Visual Studio Version 17
VisualStudioVersion = 17.9.34728.123
MinimumVisualStudioVersion = 10.0.40219.1
Project("{9A19103F-16F7-4668-BE54-9A1E7A4F7556}") = "PortalRh", "PortalRh\PortalRh\PortalRh.csproj", "{89A161AD-210B-4ED5-9BF0-0CA588650E47}"
EndProject
Global
	GlobalSection(SolutionConfigurationPlatforms) = preSolution
		Debug|Any CPU = Debug|Any CPU
		Release|Any CPU = Release|Any CPU
	EndGlobalSection
	GlobalSection(ProjectConfigurationPlatforms) = postSolution
		{89A161AD-210B-4ED5-9BF0-0CA588650E47}.Debug|Any CPU.ActiveCfg = Debug|Any CPU
		{89A161AD-210B-4ED5-9BF0-0CA588650E47}.Debug|Any CPU.Build.0 = Debug|Any CPU
		{89A161AD-210B-4ED5-9BF0-0CA588650E47}.Release|Any CPU.ActiveCfg = Release|Any CPU
		{89A161AD-210B-4ED5-9BF0-0CA588650E47}.Release|Any CPU.Build.0 = Release|Any CPU
	EndGlobalSection
	GlobalSection(SolutionProperties) = preSolution
		HideSolutionNode = FALSE
	EndGlobalSection
	GlobalSection(ExtensibilityGlobals) = postSolution
		SolutionGuid = {CE5B981E-A32F-4045-AA4B-897A9EDA05AD}
	EndGlobalSection
EndGlobal
